
Microsoft Visual Studio Solution File, Format Version 12.00
# Visual Studio Version 17
VisualStudioVersion = 17.5.002.0
MinimumVisualStudioVersion = 10.0.40219.1
Project("{9A19103F-16F7-4668-BE54-9A1E7A4F7556}") = "wuchmiITHome", "wuchmiITHome.csproj", "{5A2273D4-FA74-4780-AC08-895B3F786F54}"
EndProject
Project("{2150E333-8FDC-42A3-9474-1A3956D46DE8}") = "Tests", "Tests", "{A783B86B-7143-45A2-98AF-CEA88CD32A5A}"
EndProject
Project("{FAE04EC0-301F-11D3-BF4B-00C04F79EFBC}") = "wuchmiITHome.Tests", "Tests\wuchmiITHome.Tests\wuchmiITHome.Tests.csproj", "{25325EF4-23CA-43A2-A707-AD938F633B44}"
EndProject
Global
	GlobalSection(SolutionConfigurationPlatforms) = preSolution
		Debug|Any CPU = Debug|Any CPU
		Release|Any CPU = Release|Any CPU
	EndGlobalSection
	GlobalSection(ProjectConfigurationPlatforms) = postSolution
		{5A2273D4-FA74-4780-AC08-895B3F786F54}.Debug|Any CPU.ActiveCfg = Debug|Any CPU
		{5A2273D4-FA74-4780-AC08-895B3F786F54}.Debug|Any CPU.Build.0 = Debug|Any CPU
		{5A2273D4-FA74-4780-AC08-895B3F786F54}.Release|Any CPU.ActiveCfg = Release|Any CPU
		{5A2273D4-FA74-4780-AC08-895B3F786F54}.Release|Any CPU.Build.0 = Release|Any CPU
		{25325EF4-23CA-43A2-A707-AD938F633B44}.Debug|Any CPU.ActiveCfg = Debug|Any CPU
		{25325EF4-23CA-43A2-A707-AD938F633B44}.Debug|Any CPU.Build.0 = Debug|Any CPU
		{25325EF4-23CA-43A2-A707-AD938F633B44}.Release|Any CPU.ActiveCfg = Release|Any CPU
		{25325EF4-23CA-43A2-A707-AD938F633B44}.Release|Any CPU.Build.0 = Release|Any CPU
	EndGlobalSection
	GlobalSection(SolutionProperties) = preSolution
		HideSolutionNode = FALSE
	EndGlobalSection
	GlobalSection(ExtensibilityGlobals) = postSolution
		SolutionGuid = {41886F27-FBAB-43F5-ABB2-5788D77A85E2}
	EndGlobalSection
	GlobalSection(NestedProjects) = preSolution
		{25325EF4-23CA-43A2-A707-AD938F633B44} = {A783B86B-7143-45A2-98AF-CEA88CD32A5A}
	EndGlobalSection
EndGlobal
